
Microsoft Visual Studio Solution File, Format Version 12.00
# Visual Studio Version 16
VisualStudioVersion = 16.0.29324.140
MinimumVisualStudioVersion = 10.0.40219.1
Project("{8BC9CEB8-8B4A-11D0-8D11-00A0C91BC942}") = "testAppVeyor", "testAppVeyor\testAppVeyor.vcxproj", "{0DEA79E5-5A6B-4D25-BC46-B71B2DE8BA65}"
EndProject
Project("{8BC9CEB8-8B4A-11D0-8D11-00A0C91BC942}") = "gTest", "gTest\gTest.vcxproj", "{4E703BD2-E218-45CC-B0EA-EDA56566E491}"
EndProject
Global
	GlobalSection(SolutionConfigurationPlatforms) = preSolution
		Debug|x64 = Debug|x64
		Debug|x86 = Debug|x86
		Release|x64 = Release|x64
		Release|x86 = Release|x86
	EndGlobalSection
	GlobalSection(ProjectConfigurationPlatforms) = postSolution
		{0DEA79E5-5A6B-4D25-BC46-B71B2DE8BA65}.Debug|x64.ActiveCfg = Debug|x64
		{0DEA79E5-5A6B-4D25-BC46-B71B2DE8BA65}.Debug|x64.Build.0 = Debug|x64
		{0DEA79E5-5A6B-4D25-BC46-B71B2DE8BA65}.Debug|x86.ActiveCfg = Debug|Win32
		{0DEA79E5-5A6B-4D25-BC46-B71B2DE8BA65}.Debug|x86.Build.0 = Debug|Win32
		{0DEA79E5-5A6B-4D25-BC46-B71B2DE8BA65}.Release|x64.ActiveCfg = Release|x64
		{0DEA79E5-5A6B-4D25-BC46-B71B2DE8BA65}.Release|x64.Build.0 = Release|x64
		{0DEA79E5-5A6B-4D25-BC46-B71B2DE8BA65}.Release|x86.ActiveCfg = Release|Win32
		{0DEA79E5-5A6B-4D25-BC46-B71B2DE8BA65}.Release|x86.Build.0 = Release|Win32
		{4E703BD2-E218-45CC-B0EA-EDA56566E491}.Debug|x64.ActiveCfg = Debug|x64
		{4E703BD2-E218-45CC-B0EA-EDA56566E491}.Debug|x64.Build.0 = Debug|x64
		{4E703BD2-E218-45CC-B0EA-EDA56566E491}.Debug|x86.ActiveCfg = Debug|Win32
		{4E703BD2-E218-45CC-B0EA-EDA56566E491}.Debug|x86.Build.0 = Debug|Win32
		{4E703BD2-E218-45CC-B0EA-EDA56566E491}.Release|x64.ActiveCfg = Release|x64
		{4E703BD2-E218-45CC-B0EA-EDA56566E491}.Release|x64.Build.0 = Release|x64
		{4E703BD2-E218-45CC-B0EA-EDA56566E491}.Release|x86.ActiveCfg = Release|Win32
		{4E703BD2-E218-45CC-B0EA-EDA56566E491}.Release|x86.Build.0 = Release|Win32
	EndGlobalSection
	GlobalSection(SolutionProperties) = preSolution
		HideSolutionNode = FALSE
	EndGlobalSection
	GlobalSection(ExtensibilityGlobals) = postSolution
		SolutionGuid = {8035C906-D95A-460A-A9EF-0BD183CC958B}
	EndGlobalSection
EndGlobal
